
Microsoft Visual Studio Solution File, Format Version 12.00
# Visual Studio 2012
Project("{FAE04EC0-301F-11D3-BF4B-00C04F79EFBC}") = "Oleit.AS.Web.Operating", "Oleit.AS.Web.Operating\Oleit.AS.Web.Operating.csproj", "{3E955D9C-E68C-485F-8994-C966EEB9E56B}"
EndProject
Project("{FAE04EC0-301F-11D3-BF4B-00C04F79EFBC}") = "Oleit.AS.Service.DataService", "Oleit.AS.Service.DataService\Oleit.AS.Service.DataService.csproj", "{A02ADBE2-39BB-4798-BC00-D0041EEAE654}"
EndProject
Project("{FAE04EC0-301F-11D3-BF4B-00C04F79EFBC}") = "Oleit.AS.Service.LogicService", "Oleit.AS.Service.LogicService\Oleit.AS.Service.LogicService.csproj", "{348E74AD-13B0-48F9-9A75-F0DFF1DF5722}"
	ProjectSection(ProjectDependencies) = postProject
		{A02ADBE2-39BB-4798-BC00-D0041EEAE654} = {A02ADBE2-39BB-4798-BC00-D0041EEAE654}
	EndProjectSection
EndProject
Project("{FAE04EC0-301F-11D3-BF4B-00C04F79EFBC}") = "Oleit.AS.Service.DataObject", "Oleit.AS.Service.DataObject\Oleit.AS.Service.DataObject.csproj", "{F134A18D-DA4F-46CC-8792-D25899A7C528}"
EndProject
Global
	GlobalSection(TeamFoundationVersionControl) = preSolution
		SccNumberOfProjects = 5
		SccEnterpriseProvider = {4CA58AB2-18FA-4F8D-95D4-32DDF27D184C}
		SccTeamFoundationServer = http://tfs.oleit.com.tw:8080/tfs/oleitcollection
		SccLocalPath0 = .
		SccProjectUniqueName1 = Oleit.AS.Web.Operating\\Oleit.AS.Web.Operating.csproj
		SccProjectName1 = Oleit.AS.Web.Operating
		SccLocalPath1 = Oleit.AS.Web.Operating
		SccProjectUniqueName2 = Oleit.AS.Service.DataService\\Oleit.AS.Service.DataService.csproj
		SccProjectName2 = Oleit.AS.Service.DataService
		SccLocalPath2 = Oleit.AS.Service.DataService
		SccProjectUniqueName3 = Oleit.AS.Service.LogicService\\Oleit.AS.Service.LogicService.csproj
		SccProjectName3 = Oleit.AS.Service.LogicService
		SccLocalPath3 = Oleit.AS.Service.LogicService
		SccProjectUniqueName4 = Oleit.AS.Service.DataObject\\Oleit.AS.Service.DataObject.csproj
		SccProjectName4 = Oleit.AS.Service.DataObject
		SccLocalPath4 = Oleit.AS.Service.DataObject
	EndGlobalSection
	GlobalSection(SolutionConfigurationPlatforms) = preSolution
		Debug|Any CPU = Debug|Any CPU
		Release|Any CPU = Release|Any CPU
	EndGlobalSection
	GlobalSection(ProjectConfigurationPlatforms) = postSolution
		{3E955D9C-E68C-485F-8994-C966EEB9E56B}.Debug|Any CPU.ActiveCfg = Debug|Any CPU
		{3E955D9C-E68C-485F-8994-C966EEB9E56B}.Debug|Any CPU.Build.0 = Debug|Any CPU
		{3E955D9C-E68C-485F-8994-C966EEB9E56B}.Release|Any CPU.ActiveCfg = Release|Any CPU
		{3E955D9C-E68C-485F-8994-C966EEB9E56B}.Release|Any CPU.Build.0 = Release|Any CPU
		{A02ADBE2-39BB-4798-BC00-D0041EEAE654}.Debug|Any CPU.ActiveCfg = Debug|Any CPU
		{A02ADBE2-39BB-4798-BC00-D0041EEAE654}.Debug|Any CPU.Build.0 = Debug|Any CPU
		{A02ADBE2-39BB-4798-BC00-D0041EEAE654}.Release|Any CPU.ActiveCfg = Release|Any CPU
		{A02ADBE2-39BB-4798-BC00-D0041EEAE654}.Release|Any CPU.Build.0 = Release|Any CPU
		{348E74AD-13B0-48F9-9A75-F0DFF1DF5722}.Debug|Any CPU.ActiveCfg = Debug|Any CPU
		{348E74AD-13B0-48F9-9A75-F0DFF1DF5722}.Debug|Any CPU.Build.0 = Debug|Any CPU
		{348E74AD-13B0-48F9-9A75-F0DFF1DF5722}.Release|Any CPU.ActiveCfg = Release|Any CPU
		{348E74AD-13B0-48F9-9A75-F0DFF1DF5722}.Release|Any CPU.Build.0 = Release|Any CPU
		{F134A18D-DA4F-46CC-8792-D25899A7C528}.Debug|Any CPU.ActiveCfg = Debug|Any CPU
		{F134A18D-DA4F-46CC-8792-D25899A7C528}.Debug|Any CPU.Build.0 = Debug|Any CPU
		{F134A18D-DA4F-46CC-8792-D25899A7C528}.Release|Any CPU.ActiveCfg = Release|Any CPU
		{F134A18D-DA4F-46CC-8792-D25899A7C528}.Release|Any CPU.Build.0 = Release|Any CPU
	EndGlobalSection
	GlobalSection(SolutionProperties) = preSolution
		HideSolutionNode = FALSE
	EndGlobalSection
EndGlobal
